github.com/yapingcat/gomedia/mp4 v0.0.0-20220113141621-ed8e583147fc h1:KYZi4OWYbrxqt16Fp+RFuashjT9ejCx2jLPbRhED4KY=
github.com/yapingcat/gomedia/mp4 v0.0.0-20220113141621-ed8e583147fc/go.mod h1:YWj8SNP7/QreX2lxx7jxrAsQNcoQTelDhvO+xIC8GAY=
github.com/yapingcat/gomedia/mpeg v0.0.0-20211224133417-4097bb542f85 h1:TyVwUxVkUB+dWMylF0UpJSiRAtOE5YgSg3i0IIZxhso=
github.com/yapingcat/gomedia/mpeg v0.0.0-20211224133417-4097bb542f85/go.mod h1:neT7Rmoi+yHT390+q+/73SC+nbR7MJCnCy1R9BcQCnE=
